
Microsoft Visual Studio Solution File, Format Version 12.00
# Visual Studio Version 17
VisualStudioVersion = 17.13.35617.110
MinimumVisualStudioVersion = 10.0.40219.1
Project("{FAE04EC0-301F-11D3-BF4B-00C04F79EFBC}") = "AltTextImageGeneratorWinForm", "AltTextImageGeneratorWinForm\AltTextImageGeneratorWinForm.csproj", "{5A351A54-9EA1-417B-B7BC-929DFC52376B}"
EndProject
Project("{FAE04EC0-301F-11D3-BF4B-00C04F79EFBC}") = "AltTextImageGenerator_Tests", "AltTextImageGenerator_Tests\AltTextImageGenerator_Tests.csproj", "{A7DB7BA5-373A-4974-A753-EDE84C0A678B}"
EndProject
Project("{FAE04EC0-301F-11D3-BF4B-00C04F79EFBC}") = "AltTextImageGenerator", "AltTextImageGenerator\AltTextImageGenerator.csproj", "{CDB5CFF7-8A4A-476A-8EFE-64D88FBC0DC3}"
EndProject
Project("{FAE04EC0-301F-11D3-BF4B-00C04F79EFBC}") = "AltTextImageGeneratorConsole", "AltTextImageGeneratorConsole\AltTextImageGeneratorConsole.csproj", "{BA9CD73C-9AFF-409F-A439-C12D8D6741CB}"
EndProject
Global
	GlobalSection(SolutionConfigurationPlatforms) = preSolution
		Debug|Any CPU = Debug|Any CPU
		Release|Any CPU = Release|Any CPU
	EndGlobalSection
	GlobalSection(ProjectConfigurationPlatforms) = postSolution
		{5A351A54-9EA1-417B-B7BC-929DFC52376B}.Debug|Any CPU.ActiveCfg = Debug|Any CPU
		{5A351A54-9EA1-417B-B7BC-929DFC52376B}.Debug|Any CPU.Build.0 = Debug|Any CPU
		{5A351A54-9EA1-417B-B7BC-929DFC52376B}.Release|Any CPU.ActiveCfg = Release|Any CPU
		{5A351A54-9EA1-417B-B7BC-929DFC52376B}.Release|Any CPU.Build.0 = Release|Any CPU
		{A7DB7BA5-373A-4974-A753-EDE84C0A678B}.Debug|Any CPU.ActiveCfg = Debug|Any CPU
		{A7DB7BA5-373A-4974-A753-EDE84C0A678B}.Debug|Any CPU.Build.0 = Debug|Any CPU
		{A7DB7BA5-373A-4974-A753-EDE84C0A678B}.Release|Any CPU.ActiveCfg = Release|Any CPU
		{A7DB7BA5-373A-4974-A753-EDE84C0A678B}.Release|Any CPU.Build.0 = Release|Any CPU
		{CDB5CFF7-8A4A-476A-8EFE-64D88FBC0DC3}.Debug|Any CPU.ActiveCfg = Debug|Any CPU
		{CDB5CFF7-8A4A-476A-8EFE-64D88FBC0DC3}.Debug|Any CPU.Build.0 = Debug|Any CPU
		{CDB5CFF7-8A4A-476A-8EFE-64D88FBC0DC3}.Release|Any CPU.ActiveCfg = Release|Any CPU
		{CDB5CFF7-8A4A-476A-8EFE-64D88FBC0DC3}.Release|Any CPU.Build.0 = Release|Any CPU
		{BA9CD73C-9AFF-409F-A439-C12D8D6741CB}.Debug|Any CPU.ActiveCfg = Debug|Any CPU
		{BA9CD73C-9AFF-409F-A439-C12D8D6741CB}.Debug|Any CPU.Build.0 = Debug|Any CPU
		{BA9CD73C-9AFF-409F-A439-C12D8D6741CB}.Release|Any CPU.ActiveCfg = Release|Any CPU
		{BA9CD73C-9AFF-409F-A439-C12D8D6741CB}.Release|Any CPU.Build.0 = Release|Any CPU
	EndGlobalSection
	GlobalSection(SolutionProperties) = preSolution
		HideSolutionNode = FALSE
	EndGlobalSection
	GlobalSection(ExtensibilityGlobals) = postSolution
		SolutionGuid = {F35B3063-C714-4F20-B9FC-0B9626FFDDE0}
	EndGlobalSection
EndGlobal
